// !$*UTF8*$!
{
	archiveVersion = 1;
	classes = {
	};
	objectVersion = 56;
	objects = {

/* Begin PBXBuildFile section */
		802E71032B48697700B9EF54 /* ScrumdingerApp.swift in Sources */ = {isa = PBXBuildFile; fileRef = 802E71022B48697700B9EF54 /* ScrumdingerApp.swift */; };
		802E71052B48697700B9EF54 /* MeetingView.swift in Sources */ = {isa = PBXBuildFile; fileRef = 802E71042B48697700B9EF54 /* MeetingView.swift */; };
		802E71072B48697700B9EF54 /* Assets.xcassets in Resources */ = {isa = PBXBuildFile; fileRef = 802E71062B48697700B9EF54 /* Assets.xcassets */; };
		802E710A2B48697700B9EF54 /* Preview Assets.xcassets in Resources */ = {isa = PBXBuildFile; fileRef = 802E71092B48697700B9EF54 /* Preview Assets.xcassets */; };
		802E71112B486BCE00B9EF54 /* Theme.swift in Sources */ = {isa = PBXBuildFile; fileRef = 802E71102B486BCE00B9EF54 /* Theme.swift */; };
		802E71142B486C7500B9EF54 /* DailyScrum.swift in Sources */ = {isa = PBXBuildFile; fileRef = 802E71132B486C7500B9EF54 /* DailyScrum.swift */; };
		802E71162B486D6200B9EF54 /* CardView.swift in Sources */ = {isa = PBXBuildFile; fileRef = 802E71152B486D6200B9EF54 /* CardView.swift */; };
		802E71182B48709E00B9EF54 /* TrailingIconLabelStyle.swift in Sources */ = {isa = PBXBuildFile; fileRef = 802E71172B48709E00B9EF54 /* TrailingIconLabelStyle.swift */; };
		802E711A2B4872D600B9EF54 /* ScrumsView.swift in Sources */ = {isa = PBXBuildFile; fileRef = 802E71192B4872D600B9EF54 /* ScrumsView.swift */; };
		802E711C2B4874C800B9EF54 /* DetailView.swift in Sources */ = {isa = PBXBuildFile; fileRef = 802E711B2B4874C800B9EF54 /* DetailView.swift */; };
		802E711E2B487A2700B9EF54 /* DetailEditView.swift in Sources */ = {isa = PBXBuildFile; fileRef = 802E711D2B487A2700B9EF54 /* DetailEditView.swift */; };
		802E71212B487FE400B9EF54 /* ThemeView.swift in Sources */ = {isa = PBXBuildFile; fileRef = 802E71202B487FE400B9EF54 /* ThemeView.swift */; };
		802E71232B4880C100B9EF54 /* ThemePicker.swift in Sources */ = {isa = PBXBuildFile; fileRef = 802E71222B4880C100B9EF54 /* ThemePicker.swift */; };
		802E71262B48892C00B9EF54 /* MeetingHeaderView.swift in Sources */ = {isa = PBXBuildFile; fileRef = 802E71252B48892C00B9EF54 /* MeetingHeaderView.swift */; };
		802E712B2B48906500B9EF54 /* ScrumProgressViewStyle.swift in Sources */ = {isa = PBXBuildFile; fileRef = 802E712A2B48906500B9EF54 /* ScrumProgressViewStyle.swift */; };
		802E712D2B48913100B9EF54 /* ScrumTimer.swift in Sources */ = {isa = PBXBuildFile; fileRef = 802E712C2B48913100B9EF54 /* ScrumTimer.swift */; };
		802E712F2B48927900B9EF54 /* MeetingFooterView.swift in Sources */ = {isa = PBXBuildFile; fileRef = 802E712E2B48927900B9EF54 /* MeetingFooterView.swift */; };
		802E71312B48945000B9EF54 /* AVPlayer+Ding.swift in Sources */ = {isa = PBXBuildFile; fileRef = 802E71302B48945000B9EF54 /* AVPlayer+Ding.swift */; };
		802E71342B48954500B9EF54 /* ding.wav in Resources */ = {isa = PBXBuildFile; fileRef = 802E71332B48954500B9EF54 /* ding.wav */; };
		802E71372B48968000B9EF54 /* NewScrumSheet.swift in Sources */ = {isa = PBXBuildFile; fileRef = 802E71362B48968000B9EF54 /* NewScrumSheet.swift */; };
		802E71392B4898A700B9EF54 /* History.swift in Sources */ = {isa = PBXBuildFile; fileRef = 802E71382B4898A700B9EF54 /* History.swift */; };
		802E713B2B489B7F00B9EF54 /* ScrumStore.swift in Sources */ = {isa = PBXBuildFile; fileRef = 802E713A2B489B7F00B9EF54 /* ScrumStore.swift */; };
		802E713D2B48A0EB00B9EF54 /* ErrorWrapper.swift in Sources */ = {isa = PBXBuildFile; fileRef = 802E713C2B48A0EB00B9EF54 /* ErrorWrapper.swift */; };
		802E713F2B48A12000B9EF54 /* ErrorView.swift in Sources */ = {isa = PBXBuildFile; fileRef = 802E713E2B48A12000B9EF54 /* ErrorView.swift */; };
		802E71412B49682600B9EF54 /* MeetingTimerView.swift in Sources */ = {isa = PBXBuildFile; fileRef = 802E71402B49682600B9EF54 /* MeetingTimerView.swift */; };
		802E71432B496C2400B9EF54 /* SpeakerArc.swift in Sources */ = {isa = PBXBuildFile; fileRef = 802E71422B496C2400B9EF54 /* SpeakerArc.swift */; };
		802E71452B4AC09000B9EF54 /* SpeechRecognizer.swift in Sources */ = {isa = PBXBuildFile; fileRef = 802E71442B4AC09000B9EF54 /* SpeechRecognizer.swift */; };
		802E71472B4AC28500B9EF54 /* HistoryView.swift in Sources */ = {isa = PBXBuildFile; fileRef = 802E71462B4AC28500B9EF54 /* HistoryView.swift */; };
/* End PBXBuildFile section */

/* Begin PBXFileReference section */
		802E70FF2B48697700B9EF54 /* Scrumdinger.app */ = {isa = PBXFileReference; explicitFileType = wrapper.application; includeInIndex = 0; path = Scrumdinger.app; sourceTree = BUILT_PRODUCTS_DIR; };
		802E71022B48697700B9EF54 /* ScrumdingerApp.swift */ = {isa = PBXFileReference; lastKnownFileType = sourcecode.swift; path = ScrumdingerApp.swift; sourceTree = "<group>"; };
		802E71042B48697700B9EF54 /* MeetingView.swift */ = {isa = PBXFileReference; lastKnownFileType = sourcecode.swift; path = MeetingView.swift; sourceTree = "<group>"; };
		802E71062B48697700B9EF54 /* Assets.xcassets */ = {isa = PBXFileReference; lastKnownFileType = folder.assetcatalog; path = Assets.xcassets; sourceTree = "<group>"; };
		802E71092B48697700B9EF54 /* Preview Assets.xcassets */ = {isa = PBXFileReference; lastKnownFileType = folder.assetcatalog; path = "Preview Assets.xcassets"; sourceTree = "<group>"; };
		802E71102B486BCE00B9EF54 /* Theme.swift */ = {isa = PBXFileReference; lastKnownFileType = sourcecode.swift; path = Theme.swift; sourceTree = "<group>"; };
		802E71132B486C7500B9EF54 /* DailyScrum.swift */ = {isa = PBXFileReference; lastKnownFileType = sourcecode.swift; path = DailyScrum.swift; sourceTree = "<group>"; };
		802E71152B486D6200B9EF54 /* CardView.swift */ = {isa = PBXFileReference; lastKnownFileType = sourcecode.swift; path = CardView.swift; sourceTree = "<group>"; };
		802E71172B48709E00B9EF54 /* TrailingIconLabelStyle.swift */ = {isa = PBXFileReference; lastKnownFileType = sourcecode.swift; path = TrailingIconLabelStyle.swift; sourceTree = "<group>"; };
		802E71192B4872D600B9EF54 /* ScrumsView.swift */ = {isa = PBXFileReference; lastKnownFileType = sourcecode.swift; path = ScrumsView.swift; sourceTree = "<group>"; };
		802E711B2B4874C800B9EF54 /* DetailView.swift */ = {isa = PBXFileReference; lastKnownFileType = sourcecode.swift; path = DetailView.swift; sourceTree = "<group>"; };
		802E711D2B487A2700B9EF54 /* DetailEditView.swift */ = {isa = PBXFileReference; lastKnownFileType = sourcecode.swift; path = DetailEditView.swift; sourceTree = "<group>"; };
		802E71202B487FE400B9EF54 /* ThemeView.swift */ = {isa = PBXFileReference; lastKnownFileType = sourcecode.swift; path = ThemeView.swift; sourceTree = "<group>"; };
		802E71222B4880C100B9EF54 /* ThemePicker.swift */ = {isa = PBXFileReference; lastKnownFileType = sourcecode.swift; path = ThemePicker.swift; sourceTree = "<group>"; };
		802E71252B48892C00B9EF54 /* MeetingHeaderView.swift */ = {isa = PBXFileReference; lastKnownFileType = sourcecode.swift; path = MeetingHeaderView.swift; sourceTree = "<group>"; };
		802E712A2B48906500B9EF54 /* ScrumProgressViewStyle.swift */ = {isa = PBXFileReference; lastKnownFileType = sourcecode.swift; path = ScrumProgressViewStyle.swift; sourceTree = "<group>"; };
		802E712C2B48913100B9EF54 /* ScrumTimer.swift */ = {isa = PBXFileReference; lastKnownFileType = sourcecode.swift; path = ScrumTimer.swift; sourceTree = "<group>"; };
		802E712E2B48927900B9EF54 /* MeetingFooterView.swift */ = {isa = PBXFileReference; lastKnownFileType = sourcecode.swift; path = MeetingFooterView.swift; sourceTree = "<group>"; };
		802E71302B48945000B9EF54 /* AVPlayer+Ding.swift */ = {isa = PBXFileReference; lastKnownFileType = sourcecode.swift; path = "AVPlayer+Ding.swift"; sourceTree = "<group>"; };
		802E71332B48954500B9EF54 /* ding.wav */ = {isa = PBXFileReference; lastKnownFileType = audio.wav; path = ding.wav; sourceTree = "<group>"; };
		802E71362B48968000B9EF54 /* NewScrumSheet.swift */ = {isa = PBXFileReference; lastKnownFileType = sourcecode.swift; path = NewScrumSheet.swift; sourceTree = "<group>"; };
		802E71382B4898A700B9EF54 /* History.swift */ = {isa = PBXFileReference; lastKnownFileType = sourcecode.swift; path = History.swift; sourceTree = "<group>"; };
		802E713A2B489B7F00B9EF54 /* ScrumStore.swift */ = {isa = PBXFileReference; lastKnownFileType = sourcecode.swift; path = ScrumStore.swift; sourceTree = "<group>"; };
		802E713C2B48A0EB00B9EF54 /* ErrorWrapper.swift */ = {isa = PBXFileReference; lastKnownFileType = sourcecode.swift; path = ErrorWrapper.swift; sourceTree = "<group>"; };
		802E713E2B48A12000B9EF54 /* ErrorView.swift */ = {isa = PBXFileReference; lastKnownFileType = sourcecode.swift; path = ErrorView.swift; sourceTree = "<group>"; };
		802E71402B49682600B9EF54 /* MeetingTimerView.swift */ = {isa = PBXFileReference; lastKnownFileType = sourcecode.swift; path = MeetingTimerView.swift; sourceTree = "<group>"; };
		802E71422B496C2400B9EF54 /* SpeakerArc.swift */ = {isa = PBXFileReference; lastKnownFileType = sourcecode.swift; path = SpeakerArc.swift; sourceTree = "<group>"; };
		802E71442B4AC09000B9EF54 /* SpeechRecognizer.swift */ = {isa = PBXFileReference; lastKnownFileType = sourcecode.swift; path = SpeechRecognizer.swift; sourceTree = "<group>"; };
		802E71462B4AC28500B9EF54 /* HistoryView.swift */ = {isa = PBXFileReference; lastKnownFileType = sourcecode.swift; path = HistoryView.swift; sourceTree = "<group>"; };
/* End PBXFileReference section */

/* Begin PBXFrameworksBuildPhase section */
		802E70FC2B48697700B9EF54 /* Frameworks */ = {
			isa = PBXFrameworksBuildPhase;
			buildActionMask = 2147483647;
			files = (
			);
			runOnlyForDeploymentPostprocessing = 0;
		};
/* End PBXFrameworksBuildPhase section */

/* Begin PBXGroup section */
		802E70F62B48697700B9EF54 = {
			isa = PBXGroup;
			children = (
				802E71012B48697700B9EF54 /* Scrumdinger */,
				802E71002B48697700B9EF54 /* Products */,
			);
			sourceTree = "<group>";
		};
		802E71002B48697700B9EF54 /* Products */ = {
			isa = PBXGroup;
			children = (
				802E70FF2B48697700B9EF54 /* Scrumdinger.app */,
			);
			name = Products;
			sourceTree = "<group>";
		};
		802E71012B48697700B9EF54 /* Scrumdinger */ = {
			isa = PBXGroup;
			children = (
				802E71322B48953800B9EF54 /* Resources */,
				802E711F2B487FC900B9EF54 /* Screens */,
				802E71122B486C5C00B9EF54 /* Models */,
				802E71022B48697700B9EF54 /* ScrumdingerApp.swift */,
				802E71152B486D6200B9EF54 /* CardView.swift */,
				802E71062B48697700B9EF54 /* Assets.xcassets */,
				802E71082B48697700B9EF54 /* Preview Content */,
			);
			path = Scrumdinger;
			sourceTree = "<group>";
		};
		802E71082B48697700B9EF54 /* Preview Content */ = {
			isa = PBXGroup;
			children = (
				802E71092B48697700B9EF54 /* Preview Assets.xcassets */,
			);
			path = "Preview Content";
			sourceTree = "<group>";
		};
		802E71122B486C5C00B9EF54 /* Models */ = {
			isa = PBXGroup;
			children = (
				802E71102B486BCE00B9EF54 /* Theme.swift */,
				802E71132B486C7500B9EF54 /* DailyScrum.swift */,
				802E712C2B48913100B9EF54 /* ScrumTimer.swift */,
				802E71302B48945000B9EF54 /* AVPlayer+Ding.swift */,
				802E71382B4898A700B9EF54 /* History.swift */,
				802E713A2B489B7F00B9EF54 /* ScrumStore.swift */,
				802E713C2B48A0EB00B9EF54 /* ErrorWrapper.swift */,
				802E71442B4AC09000B9EF54 /* SpeechRecognizer.swift */,
			);
			path = Models;
			sourceTree = "<group>";
		};
		802E711F2B487FC900B9EF54 /* Screens */ = {
			isa = PBXGroup;
			children = (
				802E71352B48966E00B9EF54 /* NewScrumSheet */,
				802E71282B48896B00B9EF54 /* DetailView */,
				802E71272B48893000B9EF54 /* ScrumsView */,
				802E71242B48891D00B9EF54 /* MeetingView */,
			);
			path = Screens;
			sourceTree = "<group>";
		};
		802E71242B48891D00B9EF54 /* MeetingView */ = {
			isa = PBXGroup;
			children = (
				802E71042B48697700B9EF54 /* MeetingView.swift */,
				802E71252B48892C00B9EF54 /* MeetingHeaderView.swift */,
				802E712A2B48906500B9EF54 /* ScrumProgressViewStyle.swift */,
				802E713E2B48A12000B9EF54 /* ErrorView.swift */,
				802E71172B48709E00B9EF54 /* TrailingIconLabelStyle.swift */,
				802E712E2B48927900B9EF54 /* MeetingFooterView.swift */,
				802E71402B49682600B9EF54 /* MeetingTimerView.swift */,
				802E71422B496C2400B9EF54 /* SpeakerArc.swift */,
			);
			path = MeetingView;
			sourceTree = "<group>";
		};
		802E71272B48893000B9EF54 /* ScrumsView */ = {
			isa = PBXGroup;
			children = (
				802E71192B4872D600B9EF54 /* ScrumsView.swift */,
			);
			path = ScrumsView;
			sourceTree = "<group>";
		};
		802E71282B48896B00B9EF54 /* DetailView */ = {
			isa = PBXGroup;
			children = (
				802E71482B4AECE200B9EF54 /* Edit */,
				802E71462B4AC28500B9EF54 /* HistoryView.swift */,
				802E711B2B4874C800B9EF54 /* DetailView.swift */,
			);
			path = DetailView;
			sourceTree = "<group>";
		};
		802E71322B48953800B9EF54 /* Resources */ = {
			isa = PBXGroup;
			children = (
				802E71332B48954500B9EF54 /* ding.wav */,
			);
			path = Resources;
			sourceTree = "<group>";
		};
		802E71352B48966E00B9EF54 /* NewScrumSheet */ = {
			isa = PBXGroup;
			children = (
				802E71362B48968000B9EF54 /* NewScrumSheet.swift */,
			);
			path = NewScrumSheet;
			sourceTree = "<group>";
		};
		802E71482B4AECE200B9EF54 /* Edit */ = {
			isa = PBXGroup;
			children = (
				802E71202B487FE400B9EF54 /* ThemeView.swift */,
				802E71222B4880C100B9EF54 /* ThemePicker.swift */,
				802E711D2B487A2700B9EF54 /* DetailEditView.swift */,
			);
			path = Edit;
			sourceTree = "<group>";
		};
/* End PBXGroup section */

/* Begin PBXNativeTarget section */
		802E70FE2B48697700B9EF54 /* Scrumdinger */ = {
			isa = PBXNativeTarget;
			buildConfigurationList = 802E710D2B48697800B9EF54 /* Build configuration list for PBXNativeTarget "Scrumdinger" */;
			buildPhases = (
				802E70FB2B48697700B9EF54 /* Sources */,
				802E70FC2B48697700B9EF54 /* Frameworks */,
				802E70FD2B48697700B9EF54 /* Resources */,
			);
			buildRules = (
			);
			dependencies = (
			);
			name = Scrumdinger;
			productName = Scrumdinger;
			productReference = 802E70FF2B48697700B9EF54 /* Scrumdinger.app */;
			productType = "com.apple.product-type.application";
		};
/* End PBXNativeTarget section */

/* Begin PBXProject section */
		802E70F72B48697700B9EF54 /* Project object */ = {
			isa = PBXProject;
			attributes = {
				BuildIndependentTargetsInParallel = 1;
				LastSwiftUpdateCheck = 1500;
				LastUpgradeCheck = 1500;
				TargetAttributes = {
					802E70FE2B48697700B9EF54 = {
						CreatedOnToolsVersion = 15.0;
					};
				};
			};
			buildConfigurationList = 802E70FA2B48697700B9EF54 /* Build configuration list for PBXProject "Scrumdinger" */;
			compatibilityVersion = "Xcode 14.0";
			developmentRegion = en;
			hasScannedForEncodings = 0;
			knownRegions = (
				en,
				Base,
			);
			mainGroup = 802E70F62B48697700B9EF54;
			productRefGroup = 802E71002B48697700B9EF54 /* Products */;
			projectDirPath = "";
			projectRoot = "";
			targets = (
				802E70FE2B48697700B9EF54 /* Scrumdinger */,
			);
		};
/* End PBXProject section */

/* Begin PBXResourcesBuildPhase section */
		802E70FD2B48697700B9EF54 /* Resources */ = {
			isa = PBXResourcesBuildPhase;
			buildActionMask = 2147483647;
			files = (
				802E71342B48954500B9EF54 /* ding.wav in Resources */,
				802E710A2B48697700B9EF54 /* Preview Assets.xcassets in Resources */,
				802E71072B48697700B9EF54 /* Assets.xcassets in Resources */,
			);
			runOnlyForDeploymentPostprocessing = 0;
		};
/* End PBXResourcesBuildPhase section */

/* Begin PBXSourcesBuildPhase section */
		802E70FB2B48697700B9EF54 /* Sources */ = {
			isa = PBXSourcesBuildPhase;
			buildActionMask = 2147483647;
			files = (
				802E71392B4898A700B9EF54 /* History.swift in Sources */,
				802E71232B4880C100B9EF54 /* ThemePicker.swift in Sources */,
				802E712B2B48906500B9EF54 /* ScrumProgressViewStyle.swift in Sources */,
				802E712F2B48927900B9EF54 /* MeetingFooterView.swift in Sources */,
				802E71432B496C2400B9EF54 /* SpeakerArc.swift in Sources */,
				802E713F2B48A12000B9EF54 /* ErrorView.swift in Sources */,
				802E712D2B48913100B9EF54 /* ScrumTimer.swift in Sources */,
				802E71472B4AC28500B9EF54 /* HistoryView.swift in Sources */,
				802E71412B49682600B9EF54 /* MeetingTimerView.swift in Sources */,
				802E71142B486C7500B9EF54 /* DailyScrum.swift in Sources */,
				802E713B2B489B7F00B9EF54 /* ScrumStore.swift in Sources */,
				802E711C2B4874C800B9EF54 /* DetailView.swift in Sources */,
				802E713D2B48A0EB00B9EF54 /* ErrorWrapper.swift in Sources */,
				802E71262B48892C00B9EF54 /* MeetingHeaderView.swift in Sources */,
				802E711E2B487A2700B9EF54 /* DetailEditView.swift in Sources */,
				802E71372B48968000B9EF54 /* NewScrumSheet.swift in Sources */,
				802E71182B48709E00B9EF54 /* TrailingIconLabelStyle.swift in Sources */,
				802E71112B486BCE00B9EF54 /* Theme.swift in Sources */,
				802E71452B4AC09000B9EF54 /* SpeechRecognizer.swift in Sources */,
				802E711A2B4872D600B9EF54 /* ScrumsView.swift in Sources */,
				802E71052B48697700B9EF54 /* MeetingView.swift in Sources */,
				802E71032B48697700B9EF54 /* ScrumdingerApp.swift in Sources */,
				802E71212B487FE400B9EF54 /* ThemeView.swift in Sources */,
				802E71162B486D6200B9EF54 /* CardView.swift in Sources */,
				802E71312B48945000B9EF54 /* AVPlayer+Ding.swift in Sources */,
			);
			runOnlyForDeploymentPostprocessing = 0;
		};
/* End PBXSourcesBuildPhase section */

/* Begin XCBuildConfiguration section */
		802E710B2B48697800B9EF54 /* Debug */ = {
			isa = XCBuildConfiguration;
			buildSettings = {
				ALWAYS_SEARCH_USER_PATHS = NO;
				ASSETCATALOG_COMPILER_GENERATE_SWIFT_ASSET_SYMBOL_EXTENSIONS = YES;
				CLANG_ANALYZER_NONNULL = YES;
				CLANG_ANALYZER_NUMBER_OBJECT_CONVERSION = YES_AGGRESSIVE;
				CLANG_CXX_LANGUAGE_STANDARD = "gnu++20";
				CLANG_ENABLE_MODULES = YES;
				CLANG_ENABLE_OBJC_ARC = YES;
				CLANG_ENABLE_OBJC_WEAK = YES;
				CLANG_WARN_BLOCK_CAPTURE_AUTORELEASING = YES;
				CLANG_WARN_BOOL_CONVERSION = YES;
				CLANG_WARN_COMMA = YES;
				CLANG_WARN_CONSTANT_CONVERSION = YES;
				CLANG_WARN_DEPRECATED_OBJC_IMPLEMENTATIONS = YES;
				CLANG_WARN_DIRECT_OBJC_ISA_USAGE = YES_ERROR;
				CLANG_WARN_DOCUMENTATION_COMMENTS = YES;
				CLANG_WARN_EMPTY_BODY = YES;
				CLANG_WARN_ENUM_CONVERSION = YES;
				CLANG_WARN_INFINITE_RECURSION = YES;
				CLANG_WARN_INT_CONVERSION = YES;
				CLANG_WARN_NON_LITERAL_NULL_CONVERSION = YES;
				CLANG_WARN_OBJC_IMPLICIT_RETAIN_SELF = YES;
				CLANG_WARN_OBJC_LITERAL_CONVERSION = YES;
				CLANG_WARN_OBJC_ROOT_CLASS = YES_ERROR;
				CLANG_WARN_QUOTED_INCLUDE_IN_FRAMEWORK_HEADER = YES;
				CLANG_WARN_RANGE_LOOP_ANALYSIS = YES;
				CLANG_WARN_STRICT_PROTOTYPES = YES;
				CLANG_WARN_SUSPICIOUS_MOVE = YES;
				CLANG_WARN_UNGUARDED_AVAILABILITY = YES_AGGRESSIVE;
				CLANG_WARN_UNREACHABLE_CODE = YES;
				CLANG_WARN__DUPLICATE_METHOD_MATCH = YES;
				COPY_PHASE_STRIP = NO;
				DEBUG_INFORMATION_FORMAT = dwarf;
				ENABLE_STRICT_OBJC_MSGSEND = YES;
				ENABLE_TESTABILITY = YES;
				ENABLE_USER_SCRIPT_SANDBOXING = YES;
				GCC_C_LANGUAGE_STANDARD = gnu17;
				GCC_DYNAMIC_NO_PIC = NO;
				GCC_NO_COMMON_BLOCKS = YES;
				GCC_OPTIMIZATION_LEVEL = 0;
				GCC_PREPROCESSOR_DEFINITIONS = (
					"DEBUG=1",
					"$(inherited)",
				);
				GCC_WARN_64_TO_32_BIT_CONVERSION = YES;
				GCC_WARN_ABOUT_RETURN_TYPE = YES_ERROR;
				GCC_WARN_UNDECLARED_SELECTOR = YES;
				GCC_WARN_UNINITIALIZED_AUTOS = YES_AGGRESSIVE;
				GCC_WARN_UNUSED_FUNCTION = YES;
				GCC_WARN_UNUSED_VARIABLE = YES;
				IPHONEOS_DEPLOYMENT_TARGET = 17.0;
				LOCALIZATION_PREFERS_STRING_CATALOGS = YES;
				MTL_ENABLE_DEBUG_INFO = INCLUDE_SOURCE;
				MTL_FAST_MATH = YES;
				ONLY_ACTIVE_ARCH = YES;
				SDKROOT = iphoneos;
				SWIFT_ACTIVE_COMPILATION_CONDITIONS = "DEBUG $(inherited)";
				SWIFT_OPTIMIZATION_LEVEL = "-Onone";
			};
			name = Debug;
		};
		802E710C2B48697800B9EF54 /* Release */ = {
			isa = XCBuildConfiguration;
			buildSettings = {
				ALWAYS_SEARCH_USER_PATHS = NO;
				ASSETCATALOG_COMPILER_GENERATE_SWIFT_ASSET_SYMBOL_EXTENSIONS = YES;
				CLANG_ANALYZER_NONNULL = YES;
				CLANG_ANALYZER_NUMBER_OBJECT_CONVERSION = YES_AGGRESSIVE;
				CLANG_CXX_LANGUAGE_STANDARD = "gnu++20";
				CLANG_ENABLE_MODULES = YES;
				CLANG_ENABLE_OBJC_ARC = YES;
				CLANG_ENABLE_OBJC_WEAK = YES;
				CLANG_WARN_BLOCK_CAPTURE_AUTORELEASING = YES;
				CLANG_WARN_BOOL_CONVERSION = YES;
				CLANG_WARN_COMMA = YES;
				CLANG_WARN_CONSTANT_CONVERSION = YES;
				CLANG_WARN_DEPRECATED_OBJC_IMPLEMENTATIONS = YES;
				CLANG_WARN_DIRECT_OBJC_ISA_USAGE = YES_ERROR;
				CLANG_WARN_DOCUMENTATION_COMMENTS = YES;
				CLANG_WARN_EMPTY_BODY = YES;
				CLANG_WARN_ENUM_CONVERSION = YES;
				CLANG_WARN_INFINITE_RECURSION = YES;
				CLANG_WARN_INT_CONVERSION = YES;
				CLANG_WARN_NON_LITERAL_NULL_CONVERSION = YES;
				CLANG_WARN_OBJC_IMPLICIT_RETAIN_SELF = YES;
				CLANG_WARN_OBJC_LITERAL_CONVERSION = YES;
				CLANG_WARN_OBJC_ROOT_CLASS = YES_ERROR;
				CLANG_WARN_QUOTED_INCLUDE_IN_FRAMEWORK_HEADER = YES;
				CLANG_WARN_RANGE_LOOP_ANALYSIS = YES;
				CLANG_WARN_STRICT_PROTOTYPES = YES;
				CLANG_WARN_SUSPICIOUS_MOVE = YES;
				CLANG_WARN_UNGUARDED_AVAILABILITY = YES_AGGRESSIVE;
				CLANG_WARN_UNREACHABLE_CODE = YES;
				CLANG_WARN__DUPLICATE_METHOD_MATCH = YES;
				COPY_PHASE_STRIP = NO;
				DEBUG_INFORMATION_FORMAT = "dwarf-with-dsym";
				ENABLE_NS_ASSERTIONS = NO;
				ENABLE_STRICT_OBJC_MSGSEND = YES;
				ENABLE_USER_SCRIPT_SANDBOXING = YES;
				GCC_C_LANGUAGE_STANDARD = gnu17;
				GCC_NO_COMMON_BLOCKS = YES;
				GCC_WARN_64_TO_32_BIT_CONVERSION = YES;
				GCC_WARN_ABOUT_RETURN_TYPE = YES_ERROR;
				GCC_WARN_UNDECLARED_SELECTOR = YES;
				GCC_WARN_UNINITIALIZED_AUTOS = YES_AGGRESSIVE;
				GCC_WARN_UNUSED_FUNCTION = YES;
				GCC_WARN_UNUSED_VARIABLE = YES;
				IPHONEOS_DEPLOYMENT_TARGET = 17.0;
				LOCALIZATION_PREFERS_STRING_CATALOGS = YES;
				MTL_ENABLE_DEBUG_INFO = NO;
				MTL_FAST_MATH = YES;
				SDKROOT = iphoneos;
				SWIFT_COMPILATION_MODE = wholemodule;
				VALIDATE_PRODUCT = YES;
			};
			name = Release;
		};
		802E710E2B48697800B9EF54 /* Debug */ = {
			isa = XCBuildConfiguration;
			buildSettings = {
				ASSETCATALOG_COMPILER_APPICON_NAME = AppIcon;
				ASSETCATALOG_COMPILER_GLOBAL_ACCENT_COLOR_NAME = AccentColor;
				CODE_SIGN_STYLE = Automatic;
				CURRENT_PROJECT_VERSION = 1;
				DEVELOPMENT_ASSET_PATHS = "\"Scrumdinger/Preview Content\"";
				DEVELOPMENT_TEAM = 936XSD7LYL;
				ENABLE_PREVIEWS = YES;
				GENERATE_INFOPLIST_FILE = YES;
				INFOPLIST_KEY_NSMicrophoneUsageDescription = "You can view a text transcription of your meeting in the app.";
				INFOPLIST_KEY_NSSpeechRecognitionUsageDescription = "You can view a text transcription of your meeting in the app.";
				INFOPLIST_KEY_UIApplicationSceneManifest_Generation = YES;
				INFOPLIST_KEY_UIApplicationSupportsIndirectInputEvents = YES;
				INFOPLIST_KEY_UILaunchScreen_Generation = YES;
				INFOPLIST_KEY_UISupportedInterfaceOrientations_iPad = "UIInterfaceOrientationPortrait UIInterfaceOrientationPortraitUpsideDown UIInterfaceOrientationLandscapeLeft UIInterfaceOrientationLandscapeRight";
				INFOPLIST_KEY_UISupportedInterfaceOrientations_iPhone = "UIInterfaceOrientationPortrait UIInterfaceOrientationLandscapeLeft UIInterfaceOrientationLandscapeRight";
				LD_RUNPATH_SEARCH_PATHS = (
					"$(inherited)",
					"@executable_path/Frameworks",
				);
				MARKETING_VERSION = 1.0;
				PRODUCT_BUNDLE_IDENTIFIER = com.ibrahimmbyrrm.Scrumdinger;
				PRODUCT_NAME = "$(TARGET_NAME)";
				SWIFT_EMIT_LOC_STRINGS = YES;
				SWIFT_VERSION = 5.0;
				TARGETED_DEVICE_FAMILY = "1,2";
			};
			name = Debug;
		};
		802E710F2B48697800B9EF54 /* Release */ = {
			isa = XCBuildConfiguration;
			buildSettings = {
				ASSETCATALOG_COMPILER_APPICON_NAME = AppIcon;
				ASSETCATALOG_COMPILER_GLOBAL_ACCENT_COLOR_NAME = AccentColor;
				CODE_SIGN_STYLE = Automatic;
				CURRENT_PROJECT_VERSION = 1;
				DEVELOPMENT_ASSET_PATHS = "\"Scrumdinger/Preview Content\"";
				DEVELOPMENT_TEAM = 936XSD7LYL;
				ENABLE_PREVIEWS = YES;
				GENERATE_INFOPLIST_FILE = YES;
				INFOPLIST_KEY_NSMicrophoneUsageDescription = "You can view a text transcription of your meeting in the app.";
				INFOPLIST_KEY_NSSpeechRecognitionUsageDescription = "You can view a text transcription of your meeting in the app.";
				INFOPLIST_KEY_UIApplicationSceneManifest_Generation = YES;
				INFOPLIST_KEY_UIApplicationSupportsIndirectInputEvents = YES;
				INFOPLIST_KEY_UILaunchScreen_Generation = YES;
				INFOPLIST_KEY_UISupportedInterfaceOrientations_iPad = "UIInterfaceOrientationPortrait UIInterfaceOrientationPortraitUpsideDown UIInterfaceOrientationLandscapeLeft UIInterfaceOrientationLandscapeRight";
				INFOPLIST_KEY_UISupportedInterfaceOrientations_iPhone = "UIInterfaceOrientationPortrait UIInterfaceOrientationLandscapeLeft UIInterfaceOrientationLandscapeRight";
				LD_RUNPATH_SEARCH_PATHS = (
					"$(inherited)",
					"@executable_path/Frameworks",
				);
				MARKETING_VERSION = 1.0;
				PRODUCT_BUNDLE_IDENTIFIER = com.ibrahimmbyrrm.Scrumdinger;
				PRODUCT_NAME = "$(TARGET_NAME)";
				SWIFT_EMIT_LOC_STRINGS = YES;
				SWIFT_VERSION = 5.0;
				TARGETED_DEVICE_FAMILY = "1,2";
			};
			name = Release;
		};
/* End XCBuildConfiguration section */

/* Begin XCConfigurationList section */
		802E70FA2B48697700B9EF54 /* Build configuration list for PBXProject "Scrumdinger" */ = {
			isa = XCConfigurationList;
			buildConfigurations = (
				802E710B2B48697800B9EF54 /* Debug */,
				802E710C2B48697800B9EF54 /* Release */,
			);
			defaultConfigurationIsVisible = 0;
			defaultConfigurationName = Release;
		};
		802E710D2B48697800B9EF54 /* Build configuration list for PBXNativeTarget "Scrumdinger" */ = {
			isa = XCConfigurationList;
			buildConfigurations = (
				802E710E2B48697800B9EF54 /* Debug */,
				802E710F2B48697800B9EF54 /* Release */,
			);
			defaultConfigurationIsVisible = 0;
			defaultConfigurationName = Release;
		};
/* End XCConfigurationList section */
	};
	rootObject = 802E70F72B48697700B9EF54 /* Project object */;
}
